{
  "version": 4,
  "terraform_version": "1.9.8",
  "serial": 149,
  "lineage": "53760a8b-121d-e909-cf18-fa74f19a7912",
  "outputs": {},
  "resources": [
    {
      "mode": "managed",
      "type": "aws_vpc",
      "name": "jylee-vpc",
      "provider": "provider[\"registry.terraform.io/hashicorp/aws\"]",
      "instances": [
        {
          "schema_version": 1,
          "attributes": {
            "arn": "arn:aws:ec2:ap-northeast-2:381491921572:vpc/vpc-0187b21489f131770",
            "assign_generated_ipv6_cidr_block": false,
            "cidr_block": "10.0.0.0/16",
            "default_network_acl_id": "acl-0ac8307475920193c",
            "default_route_table_id": "rtb-0aef9e4f577c99778",
            "default_security_group_id": "sg-0617a374e586efb2f",
            "dhcp_options_id": "dopt-0d7ba2df975e4fa22",
            "enable_dns_hostnames": false,
            "enable_dns_support": true,
            "enable_network_address_usage_metrics": false,
            "id": "vpc-0187b21489f131770",
            "instance_tenancy": "default",
            "ipv4_ipam_pool_id": null,
            "ipv4_netmask_length": null,
            "ipv6_association_id": "",
            "ipv6_cidr_block": "",
            "ipv6_cidr_block_network_border_group": "",
            "ipv6_ipam_pool_id": "",
            "ipv6_netmask_length": 0,
            "main_route_table_id": "rtb-0aef9e4f577c99778",
            "owner_id": "381491921572",
            "tags": {
              "Name": "jylee-vpc"
            },
            "tags_all": {
              "Name": "jylee-vpc"
            }
          },
          "sensitive_attributes": [],
          "private": "eyJzY2hlbWFfdmVyc2lvbiI6IjEifQ=="
        }
      ]
    }
  ],
  "check_results": null
}
